
Microsoft Visual Studio Solution File, Format Version 12.00
# Visual Studio 15
VisualStudioVersion = 15.0.27703.2042
MinimumVisualStudioVersion = 10.0.40219.1
Project("{FAE04EC0-301F-11D3-BF4B-00C04F79EFBC}") = "HanziDictionary", "HanziRadical\HanziDictionary.csproj", "{2ADE1596-274B-433A-8072-D293FEE10507}"
EndProject
Global
	GlobalSection(SolutionConfigurationPlatforms) = preSolution
		Debug|Any CPU = Debug|Any CPU
		Release|Any CPU = Release|Any CPU
	EndGlobalSection
	GlobalSection(ProjectConfigurationPlatforms) = postSolution
		{2ADE1596-274B-433A-8072-D293FEE10507}.Debug|Any CPU.ActiveCfg = Debug|Any CPU
		{2ADE1596-274B-433A-8072-D293FEE10507}.Debug|Any CPU.Build.0 = Debug|Any CPU
		{2ADE1596-274B-433A-8072-D293FEE10507}.Release|Any CPU.ActiveCfg = Release|Any CPU
		{2ADE1596-274B-433A-8072-D293FEE10507}.Release|Any CPU.Build.0 = Release|Any CPU
	EndGlobalSection
	GlobalSection(SolutionProperties) = preSolution
		HideSolutionNode = FALSE
	EndGlobalSection
	GlobalSection(ExtensibilityGlobals) = postSolution
		SolutionGuid = {8BA687CC-8146-4479-82B4-C88AAD7CC260}
	EndGlobalSection
EndGlobal
